// !$*UTF8*$!
{
	archiveVersion = 1;
	classes = {
	};
	objectVersion = 46;
	objects = {

/* Begin PBXBuildFile section */
		9A78534B1B9DD1F500430E5D /* main.m in Sources */ = {isa = PBXBuildFile; fileRef = 9A78534A1B9DD1F500430E5D /* main.m */; };
		9A78534E1B9DD1F500430E5D /* AppDelegate.m in Sources */ = {isa = PBXBuildFile; fileRef = 9A78534D1B9DD1F500430E5D /* AppDelegate.m */; };
		9A7853541B9DD1F500430E5D /* Main.storyboard in Resources */ = {isa = PBXBuildFile; fileRef = 9A7853521B9DD1F500430E5D /* Main.storyboard */; };
		9A7853561B9DD1F500430E5D /* Images.xcassets in Resources */ = {isa = PBXBuildFile; fileRef = 9A7853551B9DD1F500430E5D /* Images.xcassets */; };
		9A7853591B9DD1F500430E5D /* LaunchScreen.xib in Resources */ = {isa = PBXBuildFile; fileRef = 9A7853571B9DD1F500430E5D /* LaunchScreen.xib */; };
		9A7853651B9DD1F500430E5D /* NumberTrivialTests.m in Sources */ = {isa = PBXBuildFile; fileRef = 9A7853641B9DD1F500430E5D /* NumberTrivialTests.m */; };
		9A7F03FE1BA587130052C84E /* MenuTabBarViewController.m in Sources */ = {isa = PBXBuildFile; fileRef = 9A7F03FD1BA587130052C84E /* MenuTabBarViewController.m */; };
		9A7F04031BA58F4D0052C84E /* MathViewController.m in Sources */ = {isa = PBXBuildFile; fileRef = 9A7F04021BA58F4D0052C84E /* MathViewController.m */; };
		9A7F04061BA58F5B0052C84E /* TriviaViewController.m in Sources */ = {isa = PBXBuildFile; fileRef = 9A7F04051BA58F5B0052C84E /* TriviaViewController.m */; };
		9A7F04091BA58F670052C84E /* DateViewController.m in Sources */ = {isa = PBXBuildFile; fileRef = 9A7F04081BA58F670052C84E /* DateViewController.m */; };
		9A7F040C1BA58F760052C84E /* YearViewController.m in Sources */ = {isa = PBXBuildFile; fileRef = 9A7F040B1BA58F760052C84E /* YearViewController.m */; };
		9A7F04101BA5A66A0052C84E /* JSONResponse.m in Sources */ = {isa = PBXBuildFile; fileRef = 9A7F040F1BA5A66A0052C84E /* JSONResponse.m */; };
		9AEA2F391BA08787004B2D61 /* MainMenuViewController.m in Sources */ = {isa = PBXBuildFile; fileRef = 9AEA2F381BA08787004B2D61 /* MainMenuViewController.m */; };
/* End PBXBuildFile section */

/* Begin PBXContainerItemProxy section */
		9A78535F1B9DD1F500430E5D /* PBXContainerItemProxy */ = {
			isa = PBXContainerItemProxy;
			containerPortal = 9A78533D1B9DD1F500430E5D /* Project object */;
			proxyType = 1;
			remoteGlobalIDString = 9A7853441B9DD1F500430E5D;
			remoteInfo = NumberTrivial;
		};
/* End PBXContainerItemProxy section */

/* Begin PBXFileReference section */
		9A7853451B9DD1F500430E5D /* NumberTrivial.app */ = {isa = PBXFileReference; explicitFileType = wrapper.application; includeInIndex = 0; path = NumberTrivial.app; sourceTree = BUILT_PRODUCTS_DIR; };
		9A7853491B9DD1F500430E5D /* Info.plist */ = {isa = PBXFileReference; lastKnownFileType = text.plist.xml; path = Info.plist; sourceTree = "<group>"; };
		9A78534A1B9DD1F500430E5D /* main.m */ = {isa = PBXFileReference; lastKnownFileType = sourcecode.c.objc; path = main.m; sourceTree = "<group>"; };
		9A78534C1B9DD1F500430E5D /* AppDelegate.h */ = {isa = PBXFileReference; lastKnownFileType = sourcecode.c.h; path = AppDelegate.h; sourceTree = "<group>"; };
		9A78534D1B9DD1F500430E5D /* AppDelegate.m */ = {isa = PBXFileReference; lastKnownFileType = sourcecode.c.objc; path = AppDelegate.m; sourceTree = "<group>"; };
		9A7853531B9DD1F500430E5D /* Base */ = {isa = PBXFileReference; lastKnownFileType = file.storyboard; name = Base; path = Base.lproj/Main.storyboard; sourceTree = "<group>"; };
		9A7853551B9DD1F500430E5D /* Images.xcassets */ = {isa = PBXFileReference; lastKnownFileType = folder.assetcatalog; path = Images.xcassets; sourceTree = "<group>"; };
		9A7853581B9DD1F500430E5D /* Base */ = {isa = PBXFileReference; lastKnownFileType = file.xib; name = Base; path = Base.lproj/LaunchScreen.xib; sourceTree = "<group>"; };
		9A78535E1B9DD1F500430E5D /* NumberTrivialTests.xctest */ = {isa = PBXFileReference; explicitFileType = wrapper.cfbundle; includeInIndex = 0; path = NumberTrivialTests.xctest; sourceTree = BUILT_PRODUCTS_DIR; };
		9A7853631B9DD1F500430E5D /* Info.plist */ = {isa = PBXFileReference; lastKnownFileType = text.plist.xml; path = Info.plist; sourceTree = "<group>"; };
		9A7853641B9DD1F500430E5D /* NumberTrivialTests.m */ = {isa = PBXFileReference; lastKnownFileType = sourcecode.c.objc; path = NumberTrivialTests.m; sourceTree = "<group>"; };
		9A7F03FC1BA587130052C84E /* MenuTabBarViewController.h */ = {isa = PBXFileReference; fileEncoding = 4; lastKnownFileType = sourcecode.c.h; name = MenuTabBarViewController.h; path = Controllers/MenuTabBarViewController.h; sourceTree = "<group>"; };
		9A7F03FD1BA587130052C84E /* MenuTabBarViewController.m */ = {isa = PBXFileReference; fileEncoding = 4; lastKnownFileType = sourcecode.c.objc; name = MenuTabBarViewController.m; path = Controllers/MenuTabBarViewController.m; sourceTree = "<group>"; };
		9A7F04011BA58F4D0052C84E /* MathViewController.h */ = {isa = PBXFileReference; fileEncoding = 4; lastKnownFileType = sourcecode.c.h; name = MathViewController.h; path = Controllers/TabBarControllers/MathViewController.h; sourceTree = "<group>"; };
		9A7F04021BA58F4D0052C84E /* MathViewController.m */ = {isa = PBXFileReference; fileEncoding = 4; lastKnownFileType = sourcecode.c.objc; name = MathViewController.m; path = Controllers/TabBarControllers/MathViewController.m; sourceTree = "<group>"; };
		9A7F04041BA58F5B0052C84E /* TriviaViewController.h */ = {isa = PBXFileReference; fileEncoding = 4; lastKnownFileType = sourcecode.c.h; name = TriviaViewController.h; path = Controllers/TabBarControllers/TriviaViewController.h; sourceTree = "<group>"; };
		9A7F04051BA58F5B0052C84E /* TriviaViewController.m */ = {isa = PBXFileReference; fileEncoding = 4; lastKnownFileType = sourcecode.c.objc; name = TriviaViewController.m; path = Controllers/TabBarControllers/TriviaViewController.m; sourceTree = "<group>"; };
		9A7F04071BA58F670052C84E /* DateViewController.h */ = {isa = PBXFileReference; fileEncoding = 4; lastKnownFileType = sourcecode.c.h; name = DateViewController.h; path = Controllers/TabBarControllers/DateViewController.h; sourceTree = "<group>"; };
		9A7F04081BA58F670052C84E /* DateViewController.m */ = {isa = PBXFileReference; fileEncoding = 4; lastKnownFileType = sourcecode.c.objc; name = DateViewController.m; path = Controllers/TabBarControllers/DateViewController.m; sourceTree = "<group>"; };
		9A7F040A1BA58F760052C84E /* YearViewController.h */ = {isa = PBXFileReference; fileEncoding = 4; lastKnownFileType = sourcecode.c.h; name = YearViewController.h; path = Controllers/TabBarControllers/YearViewController.h; sourceTree = "<group>"; };
		9A7F040B1BA58F760052C84E /* YearViewController.m */ = {isa = PBXFileReference; fileEncoding = 4; lastKnownFileType = sourcecode.c.objc; name = YearViewController.m; path = Controllers/TabBarControllers/YearViewController.m; sourceTree = "<group>"; };
		9A7F040E1BA5A66A0052C84E /* JSONResponse.h */ = {isa = PBXFileReference; fileEncoding = 4; lastKnownFileType = sourcecode.c.h; name = JSONResponse.h; path = Model/JSONResponse.h; sourceTree = "<group>"; };
		9A7F040F1BA5A66A0052C84E /* JSONResponse.m */ = {isa = PBXFileReference; fileEncoding = 4; lastKnownFileType = sourcecode.c.objc; name = JSONResponse.m; path = Model/JSONResponse.m; sourceTree = "<group>"; };
		9AEA2F371BA08787004B2D61 /* MainMenuViewController.h */ = {isa = PBXFileReference; fileEncoding = 4; lastKnownFileType = sourcecode.c.h; name = MainMenuViewController.h; path = Controllers/MainMenuViewController.h; sourceTree = "<group>"; };
		9AEA2F381BA08787004B2D61 /* MainMenuViewController.m */ = {isa = PBXFileReference; fileEncoding = 4; lastKnownFileType = sourcecode.c.objc; name = MainMenuViewController.m; path = Controllers/MainMenuViewController.m; sourceTree = "<group>"; };
/* End PBXFileReference section */

/* Begin PBXFrameworksBuildPhase section */
		9A7853421B9DD1F500430E5D /* Frameworks */ = {
			isa = PBXFrameworksBuildPhase;
			buildActionMask = 2147483647;
			files = (
			);
			runOnlyForDeploymentPostprocessing = 0;
		};
		9A78535B1B9DD1F500430E5D /* Frameworks */ = {
			isa = PBXFrameworksBuildPhase;
			buildActionMask = 2147483647;
			files = (
			);
			runOnlyForDeploymentPostprocessing = 0;
		};
/* End PBXFrameworksBuildPhase section */

/* Begin PBXGroup section */
		9A78533C1B9DD1F500430E5D = {
			isa = PBXGroup;
			children = (
				9A7853471B9DD1F500430E5D /* NumberTrivial */,
				9A7853611B9DD1F500430E5D /* NumberTrivialTests */,
				9A7853461B9DD1F500430E5D /* Products */,
			);
			sourceTree = "<group>";
		};
		9A7853461B9DD1F500430E5D /* Products */ = {
			isa = PBXGroup;
			children = (
				9A7853451B9DD1F500430E5D /* NumberTrivial.app */,
				9A78535E1B9DD1F500430E5D /* NumberTrivialTests.xctest */,
			);
			name = Products;
			sourceTree = "<group>";
		};
		9A7853471B9DD1F500430E5D /* NumberTrivial */ = {
			isa = PBXGroup;
			children = (
				9A78534C1B9DD1F500430E5D /* AppDelegate.h */,
				9A78534D1B9DD1F500430E5D /* AppDelegate.m */,
				9A7F040D1BA5A6510052C84E /* Model */,
				9A7F03FF1BA58F060052C84E /* Controllers */,
				9A7853521B9DD1F500430E5D /* Main.storyboard */,
				9A7853551B9DD1F500430E5D /* Images.xcassets */,
				9A7853571B9DD1F500430E5D /* LaunchScreen.xib */,
				9A7853481B9DD1F500430E5D /* Supporting Files */,
			);
			path = NumberTrivial;
			sourceTree = "<group>";
		};
		9A7853481B9DD1F500430E5D /* Supporting Files */ = {
			isa = PBXGroup;
			children = (
				9A7853491B9DD1F500430E5D /* Info.plist */,
				9A78534A1B9DD1F500430E5D /* main.m */,
			);
			name = "Supporting Files";
			sourceTree = "<group>";
		};
		9A7853611B9DD1F500430E5D /* NumberTrivialTests */ = {
			isa = PBXGroup;
			children = (
				9A7853641B9DD1F500430E5D /* NumberTrivialTests.m */,
				9A7853621B9DD1F500430E5D /* Supporting Files */,
			);
			path = NumberTrivialTests;
			sourceTree = "<group>";
		};
		9A7853621B9DD1F500430E5D /* Supporting Files */ = {
			isa = PBXGroup;
			children = (
				9A7853631B9DD1F500430E5D /* Info.plist */,
			);
			name = "Supporting Files";
			sourceTree = "<group>";
		};
		9A7F03FF1BA58F060052C84E /* Controllers */ = {
			isa = PBXGroup;
			children = (
				9AEA2F371BA08787004B2D61 /* MainMenuViewController.h */,
				9AEA2F381BA08787004B2D61 /* MainMenuViewController.m */,
				9A7F03FC1BA587130052C84E /* MenuTabBarViewController.h */,
				9A7F03FD1BA587130052C84E /* MenuTabBarViewController.m */,
				9A7F04001BA58F120052C84E /* TabBarControllers */,
			);
			name = Controllers;
			sourceTree = "<group>";
		};
		9A7F04001BA58F120052C84E /* TabBarControllers */ = {
			isa = PBXGroup;
			children = (
				9A7F04011BA58F4D0052C84E /* MathViewController.h */,
				9A7F04021BA58F4D0052C84E /* MathViewController.m */,
				9A7F04041BA58F5B0052C84E /* TriviaViewController.h */,
				9A7F04051BA58F5B0052C84E /* TriviaViewController.m */,
				9A7F04071BA58F670052C84E /* DateViewController.h */,
				9A7F04081BA58F670052C84E /* DateViewController.m */,
				9A7F040A1BA58F760052C84E /* YearViewController.h */,
				9A7F040B1BA58F760052C84E /* YearViewController.m */,
			);
			name = TabBarControllers;
			sourceTree = "<group>";
		};
		9A7F040D1BA5A6510052C84E /* Model */ = {
			isa = PBXGroup;
			children = (
				9A7F040E1BA5A66A0052C84E /* JSONResponse.h */,
				9A7F040F1BA5A66A0052C84E /* JSONResponse.m */,
			);
			name = Model;
			sourceTree = "<group>";
		};
/* End PBXGroup section */

/* Begin PBXNativeTarget section */
		9A7853441B9DD1F500430E5D /* NumberTrivial */ = {
			isa = PBXNativeTarget;
			buildConfigurationList = 9A7853681B9DD1F500430E5D /* Build configuration list for PBXNativeTarget "NumberTrivial" */;
			buildPhases = (
				9A7853411B9DD1F500430E5D /* Sources */,
				9A7853421B9DD1F500430E5D /* Frameworks */,
				9A7853431B9DD1F500430E5D /* Resources */,
			);
			buildRules = (
			);
			dependencies = (
			);
			name = NumberTrivial;
			productName = NumberTrivial;
			productReference = 9A7853451B9DD1F500430E5D /* NumberTrivial.app */;
			productType = "com.apple.product-type.application";
		};
		9A78535D1B9DD1F500430E5D /* NumberTrivialTests */ = {
			isa = PBXNativeTarget;
			buildConfigurationList = 9A78536B1B9DD1F500430E5D /* Build configuration list for PBXNativeTarget "NumberTrivialTests" */;
			buildPhases = (
				9A78535A1B9DD1F500430E5D /* Sources */,
				9A78535B1B9DD1F500430E5D /* Frameworks */,
				9A78535C1B9DD1F500430E5D /* Resources */,
			);
			buildRules = (
			);
			dependencies = (
				9A7853601B9DD1F500430E5D /* PBXTargetDependency */,
			);
			name = NumberTrivialTests;
			productName = NumberTrivialTests;
			productReference = 9A78535E1B9DD1F500430E5D /* NumberTrivialTests.xctest */;
			productType = "com.apple.product-type.bundle.unit-test";
		};
/* End PBXNativeTarget section */

/* Begin PBXProject section */
		9A78533D1B9DD1F500430E5D /* Project object */ = {
			isa = PBXProject;
			attributes = {
				LastUpgradeCheck = 0640;
				ORGANIZATIONNAME = manuelainc;
				TargetAttributes = {
					9A7853441B9DD1F500430E5D = {
						CreatedOnToolsVersion = 6.4;
						DevelopmentTeam = S63AXZ6Y9D;
					};
					9A78535D1B9DD1F500430E5D = {
						CreatedOnToolsVersion = 6.4;
						TestTargetID = 9A7853441B9DD1F500430E5D;
					};
				};
			};
			buildConfigurationList = 9A7853401B9DD1F500430E5D /* Build configuration list for PBXProject "NumberTrivial" */;
			compatibilityVersion = "Xcode 3.2";
			developmentRegion = English;
			hasScannedForEncodings = 0;
			knownRegions = (
				en,
				Base,
			);
			mainGroup = 9A78533C1B9DD1F500430E5D;
			productRefGroup = 9A7853461B9DD1F500430E5D /* Products */;
			projectDirPath = "";
			projectRoot = "";
			targets = (
				9A7853441B9DD1F500430E5D /* NumberTrivial */,
				9A78535D1B9DD1F500430E5D /* NumberTrivialTests */,
			);
		};
/* End PBXProject section */

/* Begin PBXResourcesBuildPhase section */
		9A7853431B9DD1F500430E5D /* Resources */ = {
			isa = PBXResourcesBuildPhase;
			buildActionMask = 2147483647;
			files = (
				9A7853541B9DD1F500430E5D /* Main.storyboard in Resources */,
				9A7853591B9DD1F500430E5D /* LaunchScreen.xib in Resources */,
				9A7853561B9DD1F500430E5D /* Images.xcassets in Resources */,
			);
			runOnlyForDeploymentPostprocessing = 0;
		};
		9A78535C1B9DD1F500430E5D /* Resources */ = {
			isa = PBXResourcesBuildPhase;
			buildActionMask = 2147483647;
			files = (
			);
			runOnlyForDeploymentPostprocessing = 0;
		};
/* End PBXResourcesBuildPhase section */

/* Begin PBXSourcesBuildPhase section */
		9A7853411B9DD1F500430E5D /* Sources */ = {
			isa = PBXSourcesBuildPhase;
			buildActionMask = 2147483647;
			files = (
				9A7F04031BA58F4D0052C84E /* MathViewController.m in Sources */,
				9A78534E1B9DD1F500430E5D /* AppDelegate.m in Sources */,
				9A7F03FE1BA587130052C84E /* MenuTabBarViewController.m in Sources */,
				9AEA2F391BA08787004B2D61 /* MainMenuViewController.m in Sources */,
				9A78534B1B9DD1F500430E5D /* main.m in Sources */,
				9A7F04061BA58F5B0052C84E /* TriviaViewController.m in Sources */,
				9A7F04091BA58F670052C84E /* DateViewController.m in Sources */,
				9A7F04101BA5A66A0052C84E /* JSONResponse.m in Sources */,
				9A7F040C1BA58F760052C84E /* YearViewController.m in Sources */,
			);
			runOnlyForDeploymentPostprocessing = 0;
		};
		9A78535A1B9DD1F500430E5D /* Sources */ = {
			isa = PBXSourcesBuildPhase;
			buildActionMask = 2147483647;
			files = (
				9A7853651B9DD1F500430E5D /* NumberTrivialTests.m in Sources */,
			);
			runOnlyForDeploymentPostprocessing = 0;
		};
/* End PBXSourcesBuildPhase section */

/* Begin PBXTargetDependency section */
		9A7853601B9DD1F500430E5D /* PBXTargetDependency */ = {
			isa = PBXTargetDependency;
			target = 9A7853441B9DD1F500430E5D /* NumberTrivial */;
			targetProxy = 9A78535F1B9DD1F500430E5D /* PBXContainerItemProxy */;
		};
/* End PBXTargetDependency section */

/* Begin PBXVariantGroup section */
		9A7853521B9DD1F500430E5D /* Main.storyboard */ = {
			isa = PBXVariantGroup;
			children = (
				9A7853531B9DD1F500430E5D /* Base */,
			);
			name = Main.storyboard;
			sourceTree = "<group>";
		};
		9A7853571B9DD1F500430E5D /* LaunchScreen.xib */ = {
			isa = PBXVariantGroup;
			children = (
				9A7853581B9DD1F500430E5D /* Base */,
			);
			name = LaunchScreen.xib;
			sourceTree = "<group>";
		};
/* End PBXVariantGroup section */

/* Begin XCBuildConfiguration section */
		9A7853661B9DD1F500430E5D /* Debug */ = {
			isa = XCBuildConfiguration;
			buildSettings = {
				ALWAYS_SEARCH_USER_PATHS = NO;
				CLANG_CXX_LANGUAGE_STANDARD = "gnu++0x";
				CLANG_CXX_LIBRARY = "libc++";
				CLANG_ENABLE_MODULES = YES;
				CLANG_ENABLE_OBJC_ARC = YES;
				CLANG_WARN_BOOL_CONVERSION = YES;
				CLANG_WARN_CONSTANT_CONVERSION = YES;
				CLANG_WARN_DIRECT_OBJC_ISA_USAGE = YES_ERROR;
				CLANG_WARN_EMPTY_BODY = YES;
				CLANG_WARN_ENUM_CONVERSION = YES;
				CLANG_WARN_INT_CONVERSION = YES;
				CLANG_WARN_OBJC_ROOT_CLASS = YES_ERROR;
				CLANG_WARN_UNREACHABLE_CODE = YES;
				CLANG_WARN__DUPLICATE_METHOD_MATCH = YES;
				"CODE_SIGN_IDENTITY[sdk=iphoneos*]" = "iPhone Developer";
				COPY_PHASE_STRIP = NO;
				DEBUG_INFORMATION_FORMAT = "dwarf-with-dsym";
				ENABLE_STRICT_OBJC_MSGSEND = YES;
				GCC_C_LANGUAGE_STANDARD = gnu99;
				GCC_DYNAMIC_NO_PIC = NO;
				GCC_NO_COMMON_BLOCKS = YES;
				GCC_OPTIMIZATION_LEVEL = 0;
				GCC_PREPROCESSOR_DEFINITIONS = (
					"DEBUG=1",
					"$(inherited)",
				);
				GCC_SYMBOLS_PRIVATE_EXTERN = NO;
				GCC_WARN_64_TO_32_BIT_CONVERSION = YES;
				GCC_WARN_ABOUT_RETURN_TYPE = YES_ERROR;
				GCC_WARN_UNDECLARED_SELECTOR = YES;
				GCC_WARN_UNINITIALIZED_AUTOS = YES_AGGRESSIVE;
				GCC_WARN_UNUSED_FUNCTION = YES;
				GCC_WARN_UNUSED_VARIABLE = YES;
				IPHONEOS_DEPLOYMENT_TARGET = 8.4;
				MTL_ENABLE_DEBUG_INFO = YES;
				ONLY_ACTIVE_ARCH = YES;
				SDKROOT = iphoneos;
				TARGETED_DEVICE_FAMILY = "1,2";
			};
			name = Debug;
		};
		9A7853671B9DD1F500430E5D /* Release */ = {
			isa = XCBuildConfiguration;
			buildSettings = {
				ALWAYS_SEARCH_USER_PATHS = NO;
				CLANG_CXX_LANGUAGE_STANDARD = "gnu++0x";
				CLANG_CXX_LIBRARY = "libc++";
				CLANG_ENABLE_MODULES = YES;
				CLANG_ENABLE_OBJC_ARC = YES;
				CLANG_WARN_BOOL_CONVERSION = YES;
				CLANG_WARN_CONSTANT_CONVERSION = YES;
				CLANG_WARN_DIRECT_OBJC_ISA_USAGE = YES_ERROR;
				CLANG_WARN_EMPTY_BODY = YES;
				CLANG_WARN_ENUM_CONVERSION = YES;
				CLANG_WARN_INT_CONVERSION = YES;
				CLANG_WARN_OBJC_ROOT_CLASS = YES_ERROR;
				CLANG_WARN_UNREACHABLE_CODE = YES;
				CLANG_WARN__DUPLICATE_METHOD_MATCH = YES;
				"CODE_SIGN_IDENTITY[sdk=iphoneos*]" = "iPhone Developer";
				COPY_PHASE_STRIP = NO;
				DEBUG_INFORMATION_FORMAT = "dwarf-with-dsym";
				ENABLE_NS_ASSERTIONS = NO;
				ENABLE_STRICT_OBJC_MSGSEND = YES;
				GCC_C_LANGUAGE_STANDARD = gnu99;
				GCC_NO_COMMON_BLOCKS = YES;
				GCC_WARN_64_TO_32_BIT_CONVERSION = YES;
				GCC_WARN_ABOUT_RETURN_TYPE = YES_ERROR;
				GCC_WARN_UNDECLARED_SELECTOR = YES;
				GCC_WARN_UNINITIALIZED_AUTOS = YES_AGGRESSIVE;
				GCC_WARN_UNUSED_FUNCTION = YES;
				GCC_WARN_UNUSED_VARIABLE = YES;
				IPHONEOS_DEPLOYMENT_TARGET = 8.4;
				MTL_ENABLE_DEBUG_INFO = NO;
				SDKROOT = iphoneos;
				TARGETED_DEVICE_FAMILY = "1,2";
				VALIDATE_PRODUCT = YES;
			};
			name = Release;
		};
		9A7853691B9DD1F500430E5D /* Debug */ = {
			isa = XCBuildConfiguration;
			buildSettings = {
				ASSETCATALOG_COMPILER_APPICON_NAME = AppIcon;
				CODE_SIGN_IDENTITY = "iPhone Developer";
				"CODE_SIGN_IDENTITY[sdk=iphoneos*]" = "iPhone Developer";
				INFOPLIST_FILE = NumberTrivial/Info.plist;
				LD_RUNPATH_SEARCH_PATHS = "$(inherited) @executable_path/Frameworks";
				PRODUCT_NAME = "$(TARGET_NAME)";
				PROVISIONING_PROFILE = "";
			};
			name = Debug;
		};
		9A78536A1B9DD1F500430E5D /* Release */ = {
			isa = XCBuildConfiguration;
			buildSettings = {
				ASSETCATALOG_COMPILER_APPICON_NAME = AppIcon;
				CODE_SIGN_IDENTITY = "iPhone Developer";
				"CODE_SIGN_IDENTITY[sdk=iphoneos*]" = "iPhone Developer";
				INFOPLIST_FILE = NumberTrivial/Info.plist;
				LD_RUNPATH_SEARCH_PATHS = "$(inherited) @executable_path/Frameworks";
				PRODUCT_NAME = "$(TARGET_NAME)";
				PROVISIONING_PROFILE = "";
			};
			name = Release;
		};
		9A78536C1B9DD1F500430E5D /* Debug */ = {
			isa = XCBuildConfiguration;
			buildSettings = {
				BUNDLE_LOADER = "$(TEST_HOST)";
				FRAMEWORK_SEARCH_PATHS = (
					"$(SDKROOT)/Developer/Library/Frameworks",
					"$(inherited)",
				);
				GCC_PREPROCESSOR_DEFINITIONS = (
					"DEBUG=1",
					"$(inherited)",
				);
				INFOPLIST_FILE = NumberTrivialTests/Info.plist;
				LD_RUNPATH_SEARCH_PATHS = "$(inherited) @executable_path/Frameworks @loader_path/Frameworks";
				PRODUCT_NAME = "$(TARGET_NAME)";
				TEST_HOST = "$(BUILT_PRODUCTS_DIR)/NumberTrivial.app/NumberTrivial";
			};
			name = Debug;
		};
		9A78536D1B9DD1F500430E5D /* Release */ = {
			isa = XCBuildConfiguration;
			buildSettings = {
				BUNDLE_LOADER = "$(TEST_HOST)";
				FRAMEWORK_SEARCH_PATHS = (
					"$(SDKROOT)/Developer/Library/Frameworks",
					"$(inherited)",
				);
				INFOPLIST_FILE = NumberTrivialTests/Info.plist;
				LD_RUNPATH_SEARCH_PATHS = "$(inherited) @executable_path/Frameworks @loader_path/Frameworks";
				PRODUCT_NAME = "$(TARGET_NAME)";
				TEST_HOST = "$(BUILT_PRODUCTS_DIR)/NumberTrivial.app/NumberTrivial";
			};
			name = Release;
		};
/* End XCBuildConfiguration section */

/* Begin XCConfigurationList section */
		9A7853401B9DD1F500430E5D /* Build configuration list for PBXProject "NumberTrivial" */ = {
			isa = XCConfigurationList;
			buildConfigurations = (
				9A7853661B9DD1F500430E5D /* Debug */,
				9A7853671B9DD1F500430E5D /* Release */,
			);
			defaultConfigurationIsVisible = 0;
			defaultConfigurationName = Release;
		};
		9A7853681B9DD1F500430E5D /* Build configuration list for PBXNativeTarget "NumberTrivial" */ = {
			isa = XCConfigurationList;
			buildConfigurations = (
				9A7853691B9DD1F500430E5D /* Debug */,
				9A78536A1B9DD1F500430E5D /* Release */,
			);
			defaultConfigurationIsVisible = 0;
			defaultConfigurationName = Release;
		};
		9A78536B1B9DD1F500430E5D /* Build configuration list for PBXNativeTarget "NumberTrivialTests" */ = {
			isa = XCConfigurationList;
			buildConfigurations = (
				9A78536C1B9DD1F500430E5D /* Debug */,
				9A78536D1B9DD1F500430E5D /* Release */,
			);
			defaultConfigurationIsVisible = 0;
			defaultConfigurationName = Release;
		};
/* End XCConfigurationList section */
	};
	rootObject = 9A78533D1B9DD1F500430E5D /* Project object */;
}
